Microsoft Visual Studio Solution File, Format Version 12.00
# Visual Studio Version 17
VisualStudioVersion = 17.5.2.0
MinimumVisualStudioVersion = 10.0.40219.1
Project("{FAE04EC0-301F-11D3-BF4B-00C04F79EFBC}") = "NavigationMeshAPI", "NavigationMeshAPI.csproj", "{2FE1D2C5-3176-1932-E09B-8BB89B73FD33}"
EndProject
Global
	GlobalSection(SolutionConfigurationPlatforms) = preSolution
		Debug|Any CPU = Debug|Any CPU
		Release|Any CPU = Release|Any CPU
	EndGlobalSection
	GlobalSection(ProjectConfigurationPlatforms) = postSolution
		{2FE1D2C5-3176-1932-E09B-8BB89B73FD33}.Debug|Any CPU.ActiveCfg = Debug|Any CPU
		{2FE1D2C5-3176-1932-E09B-8BB89B73FD33}.Debug|Any CPU.Build.0 = Debug|Any CPU
		{2FE1D2C5-3176-1932-E09B-8BB89B73FD33}.Release|Any CPU.ActiveCfg = Release|Any CPU
		{2FE1D2C5-3176-1932-E09B-8BB89B73FD33}.Release|Any CPU.Build.0 = Release|Any CPU
	EndGlobalSection
	GlobalSection(SolutionProperties) = preSolution
		HideSolutionNode = FALSE
	EndGlobalSection
	GlobalSection(ExtensibilityGlobals) = postSolution
		SolutionGuid = {B606F6CB-CABB-49F6-ABD6-997A9DF5D003}
	EndGlobalSection
EndGlobal
